<?xml version="1.0" encoding="utf-8"?>
<Project ToolsVersion="4.0" xmlns="http://schemas.microsoft.com/developer/msbuild/2003">
  <ItemGroup>
    <Filter Include="Header Files">
      <UniqueIdentifier>{4edf056f-d000-4d52-b162-e7b371414486}</UniqueIdentifier>
    </Filter>
    <Filter Include="Source Files">
      <UniqueIdentifier>{a7c0dd5c-3792-45df-9d54-6f05fc36cb2a}</UniqueIdentifier>
    </Filter>
  </ItemGroup>
  <ItemGroup>
    <ClCompile Include="pch.cpp">
      <Filter>Source Files</Filter>
    </ClCompile>
    <ClCompile Include="unittest.cpp">
      <Filter>Source Files</Filter>
    </ClCompile>
    <ClCompile Include="unittest_common.cpp">
      <Filter>Source Files</Filter>
    </ClCompile>
  </ItemGroup>
  <ItemGroup>
    <ClInclude Include="pch.h">
      <Filter>Header Files</Filter>
    </ClInclude>
    <ClInclude Include="unittest.h">
      <Filter>Header Files</Filter>
    </ClInclude>
    <ClInclude Include="unittest_common.h">
      <Filter>Header Files</Filter>
    </ClInclude>
  </ItemGroup>
</Project>